{
  "name": "proxy_api_handler",
  "version": "1.0.0",
  "lockfileVersion": 1,
  "requires": true,
  "dependencies": {
    "@types/body-parser": {
      "version": "1.17.1",
      "resolved": "https://registry.npmjs.org/@types/body-parser/-/body-parser-1.17.1.tgz",
      "integrity": "sha512-RoX2EZjMiFMjZh9lmYrwgoP9RTpAjSHiJxdp4oidAQVO02T7HER3xj9UKue5534ULWeqVEkujhWcyvUce+d68w==",
      "requires": {
        "@types/connect": "*",
        "@types/node": "*"
      }
    },
    "@types/connect": {
      "version": "3.4.33",
      "resolved": "https://registry.npmjs.org/@types/connect/-/connect-3.4.33.tgz",
      "integrity": "sha512-2+FrkXY4zllzTNfJth7jOqEHC+enpLeGslEhpnTAkg21GkRrWV4SsAtqchtT4YS9/nODBU2/ZfsBY2X4J/dX7A==",
      "requires": {
        "@types/node": "*"
      }
    },
    "@types/continuation-local-storage": {
      "version": "3.2.2",
      "resolved": "https://registry.npmjs.org/@types/continuation-local-storage/-/continuation-local-storage-3.2.2.tgz",
      "integrity": "sha512-aItm+aYPJ4rT1cHmAxO+OdWjSviQ9iB5UKb5f0Uvgln0N4hS2mcDodHtPiqicYBXViUYhqyBjhA5uyOcT+S34Q==",
      "requires": {
        "@types/node": "*"
      }
    },
    "@types/express": {
      "version": "4.17.2",
      "resolved": "https://registry.npmjs.org/@types/express/-/express-4.17.2.tgz",
      "integrity": "sha512-5mHFNyavtLoJmnusB8OKJ5bshSzw+qkMIBAobLrIM48HJvunFva9mOa6aBwh64lBFyNwBbs0xiEFuj4eU/NjCA==",
      "requires": {
        "@types/body-parser": "*",
        "@types/express-serve-static-core": "*",
        "@types/serve-static": "*"
      }
    },
    "@types/express-serve-static-core": {
      "version": "4.17.1",
      "resolved": "https://registry.npmjs.org/@types/express-serve-static-core/-/express-serve-static-core-4.17.1.tgz",
      "integrity": "sha512-9e7jj549ZI+RxY21Cl0t8uBnWyb22HzILupyHZjYEVK//5TT/1bZodU+yUbLnPdoYViBBnNWbxp4zYjGV0zUGw==",
      "requires": {
        "@types/node": "*",
        "@types/range-parser": "*"
      }
    },
    "@types/mime": {
      "version": "2.0.1",
      "resolved": "https://registry.npmjs.org/@types/mime/-/mime-2.0.1.tgz",
      "integrity": "sha512-FwI9gX75FgVBJ7ywgnq/P7tw+/o1GUbtP0KzbtusLigAOgIgNISRK0ZPl4qertvXSIE8YbsVJueQ90cDt9YYyw=="
    },
    "@types/mysql": {
      "version": "2.15.8",
      "resolved": "https://registry.npmjs.org/@types/mysql/-/mysql-2.15.8.tgz",
      "integrity": "sha512-l0TUdg6KDEaLO75/yjdjksobJDRWv8iZlpRfv/WW1lQZCQDKdTDnKCkeH10oapzP/JTuKiTy6Cvq/sm/0GgcUw==",
      "requires": {
        "@types/node": "*"
      }
    },
    "@types/node": {
      "version": "13.1.4",
      "resolved": "https://registry.npmjs.org/@types/node/-/node-13.1.4.tgz",
      "integrity": "sha512-Lue/mlp2egZJoHXZr4LndxDAd7i/7SQYhV0EjWfb/a4/OZ6tuVwMCVPiwkU5nsEipxEf7hmkSU7Em5VQ8P5NGA=="
    },
    "@types/pg": {
      "version": "7.14.1",
      "resolved": "https://registry.npmjs.org/@types/pg/-/pg-7.14.1.tgz",
      "integrity": "sha512-gQgg4bLuykokypx4O1fwEzl5e6UjjyaBtN3znn5zhm0YB9BnKyHDw+e4cQY9rAPzpdM2qpJbn9TNzUazbmTsdw==",
      "requires": {
        "@types/node": "*",
        "@types/pg-types": "*"
      }
    },
    "@types/pg-types": {
      "version": "1.11.5",
      "resolved": "https://registry.npmjs.org/@types/pg-types/-/pg-types-1.11.5.tgz",
      "integrity": "sha512-L8ogeT6vDzT1vxlW3KITTCt+BVXXVkLXfZ/XNm6UqbcJgxf+KPO7yjWx7dQQE8RW07KopL10x2gNMs41+IkMGQ=="
    },
    "@types/range-parser": {
      "version": "1.2.3",
      "resolved": "https://registry.npmjs.org/@types/range-parser/-/range-parser-1.2.3.tgz",
      "integrity": "sha512-ewFXqrQHlFsgc09MK5jP5iR7vumV/BYayNC6PgJO2LPe8vrnNFyjQjSppfEngITi0qvfKtzFvgKymGheFM9UOA=="
    },
    "@types/serve-static": {
      "version": "1.13.3",
      "resolved": "https://registry.npmjs.org/@types/serve-static/-/serve-static-1.13.3.tgz",
      "integrity": "sha512-oprSwp094zOglVrXdlo/4bAHtKTAxX6VT8FOZlBKrmyLbNvE1zxZyJ6yikMVtHIvwP45+ZQGJn+FdXGKTozq0g==",
      "requires": {
        "@types/express-serve-static-core": "*",
        "@types/mime": "*"
      }
    },
    "async": {
      "version": "1.0.0",
      "resolved": "https://registry.npmjs.org/async/-/async-1.0.0.tgz",
      "integrity": "sha1-+PwEyjoTeErenhZBr5hXjPvWR6k="
    },
    "async-listener": {
      "version": "0.6.10",
      "resolved": "https://registry.npmjs.org/async-listener/-/async-listener-0.6.10.tgz",
      "integrity": "sha512-gpuo6xOyF4D5DE5WvyqZdPA3NGhiT6Qf07l7DCB0wwDEsLvDIbCr6j9S5aj5Ch96dLace5tXVzWBZkxU/c5ohw==",
      "requires": {
        "semver": "^5.3.0",
        "shimmer": "^1.1.0"
      }
    },
    "atomic-batcher": {
      "version": "1.0.2",
      "resolved": "https://registry.npmjs.org/atomic-batcher/-/atomic-batcher-1.0.2.tgz",
      "integrity": "sha1-0WkB0QzOxZUWwZe5zNiTBom4E7Q="
    },
    "aws-sdk": {
      "version": "2.599.0",
      "resolved": "https://registry.npmjs.org/aws-sdk/-/aws-sdk-2.599.0.tgz",
      "integrity": "sha512-7yTXnV5SC9W6m+STbziPd1ZNVh9fTtEZ7Mm0rMqEDm/B2fJBa5xd45TwWG8JvS40X5+9jUBykiWdCuVBBx82rg==",
      "requires": {
        "buffer": "4.9.1",
        "events": "1.1.1",
        "ieee754": "1.1.13",
        "jmespath": "0.15.0",
        "querystring": "0.2.0",
        "sax": "1.2.1",
        "url": "0.10.3",
        "uuid": "3.3.2",
        "xml2js": "0.4.19"
      }
    },
    "aws-xray-sdk": {
      "version": "2.5.0",
      "resolved": "https://registry.npmjs.org/aws-xray-sdk/-/aws-xray-sdk-2.5.0.tgz",
      "integrity": "sha512-KBTF9QUq0zu24t+gFh3VATYDNx295VzZUUjpZ1OmIEbcs3Zqmox5L6VAqjCgGfJeLaCUAWPLkduxau3LuDpqcw==",
      "requires": {
        "aws-xray-sdk-core": "^2.5.0",
        "aws-xray-sdk-express": "^2.5.0",
        "aws-xray-sdk-mysql": "^2.5.0",
        "aws-xray-sdk-postgres": "^2.5.0",
        "pkginfo": "^0.4.0"
      }
    },
    "aws-xray-sdk-core": {
      "version": "2.5.0",
      "resolved": "https://registry.npmjs.org/aws-xray-sdk-core/-/aws-xray-sdk-core-2.5.0.tgz",
      "integrity": "sha512-qe60bv0kn5KY6gAIF88TPCOIdu/A3dTmcKISj+kE4OH02eF6kMm1ctL7OgoBAasnsDNSn0VMLhIaA1izgoWuxA==",
      "requires": {
        "@types/continuation-local-storage": "*",
        "atomic-batcher": "^1.0.2",
        "aws-sdk": "^2.304.0",
        "continuation-local-storage": "^3.2.0",
        "date-fns": "^1.29.0",
        "pkginfo": "^0.4.0",
        "semver": "^5.3.0",
        "winston": "^2.4.4"
      }
    },
    "aws-xray-sdk-express": {
      "version": "2.5.0",
      "resolved": "https://registry.npmjs.org/aws-xray-sdk-express/-/aws-xray-sdk-express-2.5.0.tgz",
      "integrity": "sha512-VfUXlxFlI+gr6ImMF+3000fqPRTBS9MbAywdtC8dt/U57WQbLFDjPW+V6oJowTwrkgKwpOKSXncQDfBs8QHvIw==",
      "requires": {
        "@types/express": "*"
      }
    },
    "aws-xray-sdk-mysql": {
      "version": "2.5.0",
      "resolved": "https://registry.npmjs.org/aws-xray-sdk-mysql/-/aws-xray-sdk-mysql-2.5.0.tgz",
      "integrity": "sha512-OI3cDkVcKTiWytwoOE1Oj0D2UbchOVHkiQNXWktDk9QYzqbOz+GNEwD5QneqyxFu0z0bQieClBM+0okUprFBXQ==",
      "requires": {
        "@types/mysql": "*"
      }
    },
    "aws-xray-sdk-postgres": {
      "version": "2.5.0",
      "resolved": "https://registry.npmjs.org/aws-xray-sdk-postgres/-/aws-xray-sdk-postgres-2.5.0.tgz",
      "integrity": "sha512-8LcXTjr272gKMSg9a+QSGQPjAabQb87SA0c4ZlVcPqzoG7nAd3pULR6/HDtujeukbRAb6rEoxzKvPX0s18NyFw==",
      "requires": {
        "@types/pg": "*"
      }
    },
    "aws4": {
      "version": "1.8.0",
      "resolved": "https://registry.npmjs.org/aws4/-/aws4-1.8.0.tgz",
      "integrity": "sha1-8OAD2cqef1nHpQiUXXsu+aBKVC8="
    },
    "base64-js": {
      "version": "1.3.1",
      "resolved": "https://registry.npmjs.org/base64-js/-/base64-js-1.3.1.tgz",
      "integrity": "sha512-mLQ4i2QO1ytvGWFWmcngKO//JXAQueZvwEKtjgQFM4jIK0kU+ytMfplL8j+n5mspOfjHwoAg+9yhb7BwAHm36g=="
    },
    "buffer": {
      "version": "4.9.1",
      "resolved": "https://registry.npmjs.org/buffer/-/buffer-4.9.1.tgz",
      "integrity": "sha1-bRu2AbB6TvztlwlBMgkwJ8lbwpg=",
      "requires": {
        "base64-js": "^1.0.2",
        "ieee754": "^1.1.4",
        "isarray": "^1.0.0"
      }
    },
    "colors": {
      "version": "1.0.3",
      "resolved": "https://registry.npmjs.org/colors/-/colors-1.0.3.tgz",
      "integrity": "sha1-BDP0TYCWgP3rYO0mDxsMJi6CpAs="
    },
    "continuation-local-storage": {
      "version": "3.2.1",
      "resolved": "https://registry.npmjs.org/continuation-local-storage/-/continuation-local-storage-3.2.1.tgz",
      "integrity": "sha512-jx44cconVqkCEEyLSKWwkvUXwO561jXMa3LPjTPsm5QR22PA0/mhe33FT4Xb5y74JDvt/Cq+5lm8S8rskLv9ZA==",
      "requires": {
        "async-listener": "^0.6.0",
        "emitter-listener": "^1.1.1"
      }
    },
    "cycle": {
      "version": "1.0.3",
      "resolved": "https://registry.npmjs.org/cycle/-/cycle-1.0.3.tgz",
      "integrity": "sha1-IegLK+hYD5i0aPN5QwZisEbDStI="
    },
    "date-fns": {
      "version": "1.30.1",
      "resolved": "https://registry.npmjs.org/date-fns/-/date-fns-1.30.1.tgz",
      "integrity": "sha512-hBSVCvSmWC+QypYObzwGOd9wqdDpOt+0wl0KbU+R+uuZBS1jN8VsD1ss3irQDknRj5NvxiTF6oj/nDRnN/UQNw=="
    },
    "dynamodb-data-types": {
      "version": "3.0.1",
      "resolved": "https://registry.npmjs.org/dynamodb-data-types/-/dynamodb-data-types-3.0.1.tgz",
      "integrity": "sha1-VWhTFXTOLhkLwnzDpYlfvzeu/KU="
    },
    "emitter-listener": {
      "version": "1.1.2",
      "resolved": "https://registry.npmjs.org/emitter-listener/-/emitter-listener-1.1.2.tgz",
      "integrity": "sha512-Bt1sBAGFHY9DKY+4/2cV6izcKJUf5T7/gkdmkxzX/qv9CcGH8xSwVRW5mtX03SWJtRTWSOpzCuWN9rBFYZepZQ==",
      "requires": {
        "shimmer": "^1.2.0"
      }
    },
    "events": {
      "version": "1.1.1",
      "resolved": "https://registry.npmjs.org/events/-/events-1.1.1.tgz",
      "integrity": "sha1-nr23Y1rQmccNzEwqH1AEKI6L2SQ="
    },
    "eyes": {
      "version": "0.1.8",
      "resolved": "https://registry.npmjs.org/eyes/-/eyes-0.1.8.tgz",
      "integrity": "sha1-Ys8SAjTGg3hdkCNIqADvPgzCC8A="
    },
    "ieee754": {
      "version": "1.1.13",
      "resolved": "https://registry.npmjs.org/ieee754/-/ieee754-1.1.13.tgz",
      "integrity": "sha512-4vf7I2LYV/HaWerSo3XmlMkp5eZ83i+/CDluXi/IGTs/O1sejBNhTtnxzmRZfvOUqj7lZjqHkeTvpgSFDlWZTg=="
    },
    "isarray": {
      "version": "1.0.0",
      "resolved": "https://registry.npmjs.org/isarray/-/isarray-1.0.0.tgz",
      "integrity": "sha1-u5NdSFgsuhaMBoNJV6VKPgcSTxE="
    },
    "isstream": {
      "version": "0.1.2",
      "resolved": "https://registry.npmjs.org/isstream/-/isstream-0.1.2.tgz",
      "integrity": "sha1-R+Y/evVa+m+S4VAOaQ64uFKcCZo="
    },
    "jmespath": {
      "version": "0.15.0",
      "resolved": "https://registry.npmjs.org/jmespath/-/jmespath-0.15.0.tgz",
      "integrity": "sha1-o/Iiqarp+Wb10nx5ZRDigJF2Qhc="
    },
    "pkginfo": {
      "version": "0.4.1",
      "resolved": "https://registry.npmjs.org/pkginfo/-/pkginfo-0.4.1.tgz",
      "integrity": "sha1-tUGO8EOd5UJfxJlQQtztFPsqhP8="
    },
    "punycode": {
      "version": "1.3.2",
      "resolved": "https://registry.npmjs.org/punycode/-/punycode-1.3.2.tgz",
      "integrity": "sha1-llOgNvt8HuQjQvIyXM7v6jkmxI0="
    },
    "querystring": {
      "version": "0.2.0",
      "resolved": "https://registry.npmjs.org/querystring/-/querystring-0.2.0.tgz",
      "integrity": "sha1-sgmEkgO7Jd+CDadW50cAWHhSFiA="
    },
    "sax": {
      "version": "1.2.1",
      "resolved": "https://registry.npmjs.org/sax/-/sax-1.2.1.tgz",
      "integrity": "sha1-e45lYZCyKOgaZq6nSEgNgozS03o="
    },
    "semver": {
      "version": "5.7.1",
      "resolved": "https://registry.npmjs.org/semver/-/semver-5.7.1.tgz",
      "integrity": "sha512-sauaDf/PZdVgrLTNYHRtpXa1iRiKcaebiKQ1BJdpQlWH2lCvexQdX55snPFyK7QzpudqbCI0qXFfOasHdyNDGQ=="
    },
    "shimmer": {
      "version": "1.2.1",
      "resolved": "https://registry.npmjs.org/shimmer/-/shimmer-1.2.1.tgz",
      "integrity": "sha512-sQTKC1Re/rM6XyFM6fIAGHRPVGvyXfgzIDvzoq608vM+jeyVD0Tu1E6Np0Kc2zAIFWIj963V2800iF/9LPieQw=="
    },
    "stack-trace": {
      "version": "0.0.10",
      "resolved": "https://registry.npmjs.org/stack-trace/-/stack-trace-0.0.10.tgz",
      "integrity": "sha1-VHxws0fo0ytOEI6hoqFZ5f3eGcA="
    },
    "url": {
      "version": "0.10.3",
      "resolved": "https://registry.npmjs.org/url/-/url-0.10.3.tgz",
      "integrity": "sha1-Ah5NnHcF8hu/N9A861h2dAJ3TGQ=",
      "requires": {
        "punycode": "1.3.2",
        "querystring": "0.2.0"
      }
    },
    "uuid": {
      "version": "3.3.2",
      "resolved": "https://registry.npmjs.org/uuid/-/uuid-3.3.2.tgz",
      "integrity": "sha1-G0r0lV6zB3xQHCOHL8ZROBFYcTE="
    },
    "winston": {
      "version": "2.4.4",
      "resolved": "https://registry.npmjs.org/winston/-/winston-2.4.4.tgz",
      "integrity": "sha512-NBo2Pepn4hK4V01UfcWcDlmiVTs7VTB1h7bgnB0rgP146bYhMxX0ypCz3lBOfNxCO4Zuek7yeT+y/zM1OfMw4Q==",
      "requires": {
        "async": "~1.0.0",
        "colors": "1.0.x",
        "cycle": "1.0.x",
        "eyes": "0.1.x",
        "isstream": "0.1.x",
        "stack-trace": "0.0.x"
      }
    },
    "xml2js": {
      "version": "0.4.19",
      "resolved": "https://registry.npmjs.org/xml2js/-/xml2js-0.4.19.tgz",
      "integrity": "sha512-esZnJZJOiJR9wWKMyuvSE1y6Dq5LCuJanqhxslH2bxM6duahNZ+HMpCLhBQGZkbX6xRf8x1Y2eJlgt2q3qo49Q==",
      "requires": {
        "sax": ">=0.6.0",
        "xmlbuilder": "~9.0.1"
      }
    },
    "xmlbuilder": {
      "version": "9.0.7",
      "resolved": "https://registry.npmjs.org/xmlbuilder/-/xmlbuilder-9.0.7.tgz",
      "integrity": "sha1-Ey7mPS7FVlxVfiD0wi35rKaGsQ0="
    }
  }
}
